// !$*UTF8*$!
{
	archiveVersion = 1;
	classes = {
	};
	objectVersion = 52;
	objects = {

/* Begin PBXBuildFile section */
		A70B6234237AF87000A2BA73 /* AppDelegate.swift in Sources */ = {isa = PBXBuildFile; fileRef = A70B6233237AF87000A2BA73 /* AppDelegate.swift */; };
		A70B6236237AF87000A2BA73 /* ContentView.swift in Sources */ = {isa = PBXBuildFile; fileRef = A70B6235237AF87000A2BA73 /* ContentView.swift */; };
		A70B6238237AF87700A2BA73 /* Assets.xcassets in Resources */ = {isa = PBXBuildFile; fileRef = A70B6237237AF87700A2BA73 /* Assets.xcassets */; };
		A70B623B237AF87700A2BA73 /* Preview Assets.xcassets in Resources */ = {isa = PBXBuildFile; fileRef = A70B623A237AF87700A2BA73 /* Preview Assets.xcassets */; };
		A70B623E237AF87700A2BA73 /* Main.storyboard in Resources */ = {isa = PBXBuildFile; fileRef = A70B623C237AF87700A2BA73 /* Main.storyboard */; };
		A70B624C237B003900A2BA73 /* StatusBarController.swift in Sources */ = {isa = PBXBuildFile; fileRef = A70B624B237B003900A2BA73 /* StatusBarController.swift */; };
		A70B6250237B022700A2BA73 /* MainViewController.swift in Sources */ = {isa = PBXBuildFile; fileRef = A70B624F237B022700A2BA73 /* MainViewController.swift */; };
		A70B6252237B078200A2BA73 /* EventMonitor.swift in Sources */ = {isa = PBXBuildFile; fileRef = A70B6251237B078200A2BA73 /* EventMonitor.swift */; };
		AC5DBBCC2774E41200FAA2F1 /* xc-universal-binary.sh in Resources */ = {isa = PBXBuildFile; fileRef = AC5DBBCB2774E41200FAA2F1 /* xc-universal-binary.sh */; };
		AC5DBBD32774EB8C00FAA2F1 /* decibel.udl in Sources */ = {isa = PBXBuildFile; fileRef = AC5DBBD22774EB8C00FAA2F1 /* decibel.udl */; };
		AC5DBBE52774F1C300FAA2F1 /* liblevels.a in Frameworks */ = {isa = PBXBuildFile; fileRef = AC5DBBE12774F07E00FAA2F1 /* liblevels.a */; };
		AC5DBBE72774F23000FAA2F1 /* CoreAudio.framework in Frameworks */ = {isa = PBXBuildFile; fileRef = AC5DBBE62774F23000FAA2F1 /* CoreAudio.framework */; };
		AC5DBBE92774F23700FAA2F1 /* AudioUnit.framework in Frameworks */ = {isa = PBXBuildFile; fileRef = AC5DBBE82774F23700FAA2F1 /* AudioUnit.framework */; };
		AC5DBBEB2774F23D00FAA2F1 /* AudioToolbox.framework in Frameworks */ = {isa = PBXBuildFile; fileRef = AC5DBBEA2774F23D00FAA2F1 /* AudioToolbox.framework */; };
/* End PBXBuildFile section */

/* Begin PBXBuildRule section */
		AC2E455A2774342400B1E878 /* PBXBuildRule */ = {
			isa = PBXBuildRule;
			compilerSpec = com.apple.compilers.proxy.script;
			filePatterns = "*.udl";
			fileType = pattern.proxy;
			inputFiles = (
				"$(SRCROOT)/../rust/src/decibel.udl",
			);
			isEditable = 1;
			outputFiles = (
				"$(INPUT_FILE_DIR)/generated/$(INPUT_FILE_BASE).swift",
				"$(INPUT_FILE_DIR)/generated/$(INPUT_FILE_BASE)FFI.h",
			);
			runOncePerArchitecture = 0;
			script = "# Type a script or drag a script file from your workspace to insert its path.\n$HOME/.cargo/bin/uniffi-bindgen generate \"$INPUT_FILE_PATH\" --language swift --out-dir $INPUT_FILE_DIR/generated\n";
		};
/* End PBXBuildRule section */

/* Begin PBXFileReference section */
		A70B6230237AF87000A2BA73 /* Levels.app */ = {isa = PBXFileReference; explicitFileType = wrapper.application; includeInIndex = 0; path = Levels.app; sourceTree = BUILT_PRODUCTS_DIR; };
		A70B6233237AF87000A2BA73 /* AppDelegate.swift */ = {isa = PBXFileReference; lastKnownFileType = sourcecode.swift; path = AppDelegate.swift; sourceTree = "<group>"; };
		A70B6235237AF87000A2BA73 /* ContentView.swift */ = {isa = PBXFileReference; lastKnownFileType = sourcecode.swift; path = ContentView.swift; sourceTree = "<group>"; };
		A70B6237237AF87700A2BA73 /* Assets.xcassets */ = {isa = PBXFileReference; lastKnownFileType = folder.assetcatalog; path = Assets.xcassets; sourceTree = "<group>"; };
		A70B623A237AF87700A2BA73 /* Preview Assets.xcassets */ = {isa = PBXFileReference; lastKnownFileType = folder.assetcatalog; path = "Preview Assets.xcassets"; sourceTree = "<group>"; };
		A70B623D237AF87700A2BA73 /* Base */ = {isa = PBXFileReference; lastKnownFileType = file.storyboard; name = Base; path = Base.lproj/Main.storyboard; sourceTree = "<group>"; };
		A70B623F237AF87700A2BA73 /* Info.plist */ = {isa = PBXFileReference; lastKnownFileType = text.plist.xml; path = Info.plist; sourceTree = "<group>"; };
		A70B6240237AF87700A2BA73 /* Levels.entitlements */ = {isa = PBXFileReference; lastKnownFileType = text.plist.entitlements; path = Levels.entitlements; sourceTree = "<group>"; };
		A70B624B237B003900A2BA73 /* StatusBarController.swift */ = {isa = PBXFileReference; lastKnownFileType = sourcecode.swift; path = StatusBarController.swift; sourceTree = "<group>"; };
		A70B624F237B022700A2BA73 /* MainViewController.swift */ = {isa = PBXFileReference; lastKnownFileType = sourcecode.swift; path = MainViewController.swift; sourceTree = "<group>"; };
		A70B6251237B078200A2BA73 /* EventMonitor.swift */ = {isa = PBXFileReference; lastKnownFileType = sourcecode.swift; path = EventMonitor.swift; sourceTree = "<group>"; };
		AC2E455B2774375400B1E878 /* Levels-Bridging-Header.h */ = {isa = PBXFileReference; lastKnownFileType = sourcecode.c.h; path = "Levels-Bridging-Header.h"; sourceTree = "<group>"; };
		AC5DBBCB2774E41200FAA2F1 /* xc-universal-binary.sh */ = {isa = PBXFileReference; lastKnownFileType = text.script.sh; path = "xc-universal-binary.sh"; sourceTree = "<group>"; };
		AC5DBBD22774EB8C00FAA2F1 /* decibel.udl */ = {isa = PBXFileReference; lastKnownFileType = text; name = decibel.udl; path = ../rust/src/decibel.udl; sourceTree = "<group>"; };
		AC5DBBD82774ED6C00FAA2F1 /* liblevels.a */ = {isa = PBXFileReference; lastKnownFileType = archive.ar; name = liblevels.a; path = ../universal/debug/liblevels.a; sourceTree = "<group>"; };
		AC5DBBDC2774EEB900FAA2F1 /* liblevels.a */ = {isa = PBXFileReference; lastKnownFileType = archive.ar; name = liblevels.a; path = "../rust/target/aarch64-apple-darwin/debug/liblevels.a"; sourceTree = "<group>"; };
		AC5DBBDF2774EFBD00FAA2F1 /* liblevels.a */ = {isa = PBXFileReference; lastKnownFileType = archive.ar; name = liblevels.a; path = ../rust/target/debug/liblevels.a; sourceTree = "<group>"; };
		AC5DBBE12774F07E00FAA2F1 /* liblevels.a */ = {isa = PBXFileReference; lastKnownFileType = archive.ar; name = liblevels.a; path = ../rust/target/universal/debug/liblevels.a; sourceTree = "<group>"; };
		AC5DBBE62774F23000FAA2F1 /* CoreAudio.framework */ = {isa = PBXFileReference; lastKnownFileType = wrapper.framework; name = CoreAudio.framework; path = System/Library/Frameworks/CoreAudio.framework; sourceTree = SDKROOT; };
		AC5DBBE82774F23700FAA2F1 /* AudioUnit.framework */ = {isa = PBXFileReference; lastKnownFileType = wrapper.framework; name = AudioUnit.framework; path = System/Library/Frameworks/AudioUnit.framework; sourceTree = SDKROOT; };
		AC5DBBEA2774F23D00FAA2F1 /* AudioToolbox.framework */ = {isa = PBXFileReference; lastKnownFileType = wrapper.framework; name = AudioToolbox.framework; path = System/Library/Frameworks/AudioToolbox.framework; sourceTree = SDKROOT; };
/* End PBXFileReference section */

/* Begin PBXFrameworksBuildPhase section */
		A70B622D237AF87000A2BA73 /* Frameworks */ = {
			isa = PBXFrameworksBuildPhase;
			buildActionMask = 2147483647;
			files = (
				AC5DBBEB2774F23D00FAA2F1 /* AudioToolbox.framework in Frameworks */,
				AC5DBBE92774F23700FAA2F1 /* AudioUnit.framework in Frameworks */,
				AC5DBBE72774F23000FAA2F1 /* CoreAudio.framework in Frameworks */,
				AC5DBBE52774F1C300FAA2F1 /* liblevels.a in Frameworks */,
			);
			runOnlyForDeploymentPostprocessing = 0;
		};
/* End PBXFrameworksBuildPhase section */

/* Begin PBXGroup section */
		A70B6227237AF87000A2BA73 = {
			isa = PBXGroup;
			children = (
				AC5DBBD22774EB8C00FAA2F1 /* decibel.udl */,
				AC5DBBCB2774E41200FAA2F1 /* xc-universal-binary.sh */,
				A70B6232237AF87000A2BA73 /* Levels */,
				A70B6231237AF87000A2BA73 /* Products */,
				AC2E455B2774375400B1E878 /* Levels-Bridging-Header.h */,
				AC5DBBD72774ED6C00FAA2F1 /* Frameworks */,
			);
			sourceTree = "<group>";
		};
		A70B6231237AF87000A2BA73 /* Products */ = {
			isa = PBXGroup;
			children = (
				A70B6230237AF87000A2BA73 /* Levels.app */,
			);
			name = Products;
			sourceTree = "<group>";
		};
		A70B6232237AF87000A2BA73 /* Levels */ = {
			isa = PBXGroup;
			children = (
				A70B6233237AF87000A2BA73 /* AppDelegate.swift */,
				A70B6249237B000700A2BA73 /* Helpers */,
				A70B6253237B081200A2BA73 /* Views */,
				A70B6237237AF87700A2BA73 /* Assets.xcassets */,
				A70B623C237AF87700A2BA73 /* Main.storyboard */,
				A70B624F237B022700A2BA73 /* MainViewController.swift */,
				A70B623F237AF87700A2BA73 /* Info.plist */,
				A70B6240237AF87700A2BA73 /* Levels.entitlements */,
				A70B6239237AF87700A2BA73 /* Preview Content */,
			);
			path = Levels;
			sourceTree = "<group>";
		};
		A70B6239237AF87700A2BA73 /* Preview Content */ = {
			isa = PBXGroup;
			children = (
				A70B623A237AF87700A2BA73 /* Preview Assets.xcassets */,
			);
			path = "Preview Content";
			sourceTree = "<group>";
		};
		A70B6249237B000700A2BA73 /* Helpers */ = {
			isa = PBXGroup;
			children = (
				A70B624B237B003900A2BA73 /* StatusBarController.swift */,
				A70B6251237B078200A2BA73 /* EventMonitor.swift */,
			);
			path = Helpers;
			sourceTree = "<group>";
		};
		A70B6253237B081200A2BA73 /* Views */ = {
			isa = PBXGroup;
			children = (
				A70B6235237AF87000A2BA73 /* ContentView.swift */,
			);
			path = Views;
			sourceTree = "<group>";
		};
		AC5DBBD72774ED6C00FAA2F1 /* Frameworks */ = {
			isa = PBXGroup;
			children = (
				AC5DBBEA2774F23D00FAA2F1 /* AudioToolbox.framework */,
				AC5DBBE82774F23700FAA2F1 /* AudioUnit.framework */,
				AC5DBBE62774F23000FAA2F1 /* CoreAudio.framework */,
				AC5DBBE12774F07E00FAA2F1 /* liblevels.a */,
				AC5DBBDF2774EFBD00FAA2F1 /* liblevels.a */,
				AC5DBBDC2774EEB900FAA2F1 /* liblevels.a */,
				AC5DBBD82774ED6C00FAA2F1 /* liblevels.a */,
			);
			name = Frameworks;
			sourceTree = "<group>";
		};
/* End PBXGroup section */

/* Begin PBXHeadersBuildPhase section */
		AC5DBBD42774ECCE00FAA2F1 /* Headers */ = {
			isa = PBXHeadersBuildPhase;
			buildActionMask = 2147483647;
			files = (
			);
			runOnlyForDeploymentPostprocessing = 0;
		};
/* End PBXHeadersBuildPhase section */

/* Begin PBXNativeTarget section */
		A70B622F237AF87000A2BA73 /* Levels */ = {
			isa = PBXNativeTarget;
			buildConfigurationList = A70B6243237AF87700A2BA73 /* Build configuration list for PBXNativeTarget "Levels" */;
			buildPhases = (
				AC5DBBD42774ECCE00FAA2F1 /* Headers */,
				A70B622C237AF87000A2BA73 /* Sources */,
				A70B622D237AF87000A2BA73 /* Frameworks */,
				A70B622E237AF87000A2BA73 /* Resources */,
				AC5DBBCD2774E51F00FAA2F1 /* ShellScript */,
			);
			buildRules = (
				AC2E455A2774342400B1E878 /* PBXBuildRule */,
			);
			dependencies = (
			);
			name = Levels;
			productName = Levels;
			productReference = A70B6230237AF87000A2BA73 /* Levels.app */;
			productType = "com.apple.product-type.application";
		};
/* End PBXNativeTarget section */

/* Begin PBXProject section */
		A70B6228237AF87000A2BA73 /* Project object */ = {
			isa = PBXProject;
			attributes = {
				LastSwiftUpdateCheck = 1110;
				LastUpgradeCheck = 1320;
				ORGANIZATIONNAME = "Golden Chopper";
				TargetAttributes = {
					A70B622F237AF87000A2BA73 = {
						CreatedOnToolsVersion = 11.1;
						LastSwiftMigration = 1320;
					};
				};
			};
			buildConfigurationList = A70B622B237AF87000A2BA73 /* Build configuration list for PBXProject "Levels" */;
			compatibilityVersion = "Xcode 9.3";
			developmentRegion = en;
			hasScannedForEncodings = 0;
			knownRegions = (
				en,
				Base,
			);
			mainGroup = A70B6227237AF87000A2BA73;
			productRefGroup = A70B6231237AF87000A2BA73 /* Products */;
			projectDirPath = "";
			projectRoot = "";
			targets = (
				A70B622F237AF87000A2BA73 /* Levels */,
			);
		};
/* End PBXProject section */

/* Begin PBXResourcesBuildPhase section */
		A70B622E237AF87000A2BA73 /* Resources */ = {
			isa = PBXResourcesBuildPhase;
			buildActionMask = 2147483647;
			files = (
				A70B623E237AF87700A2BA73 /* Main.storyboard in Resources */,
				A70B623B237AF87700A2BA73 /* Preview Assets.xcassets in Resources */,
				AC5DBBCC2774E41200FAA2F1 /* xc-universal-binary.sh in Resources */,
				A70B6238237AF87700A2BA73 /* Assets.xcassets in Resources */,
			);
			runOnlyForDeploymentPostprocessing = 0;
		};
/* End PBXResourcesBuildPhase section */

/* Begin PBXShellScriptBuildPhase section */
		AC5DBBCD2774E51F00FAA2F1 /* ShellScript */ = {
			isa = PBXShellScriptBuildPhase;
			buildActionMask = 2147483647;
			files = (
			);
			inputFileListPaths = (
			);
			inputPaths = (
			);
			outputFileListPaths = (
			);
			outputPaths = (
			);
			runOnlyForDeploymentPostprocessing = 0;
			shellPath = /bin/sh;
			shellScript = "bash $SRCROOT/xc-universal-binary.sh liblevels.a levels $SRCROOT/../rust $CONFIGURATION\n";
		};
/* End PBXShellScriptBuildPhase section */

/* Begin PBXSourcesBuildPhase section */
		A70B622C237AF87000A2BA73 /* Sources */ = {
			isa = PBXSourcesBuildPhase;
			buildActionMask = 2147483647;
			files = (
				AC5DBBD32774EB8C00FAA2F1 /* decibel.udl in Sources */,
				A70B6236237AF87000A2BA73 /* ContentView.swift in Sources */,
				A70B6252237B078200A2BA73 /* EventMonitor.swift in Sources */,
				A70B624C237B003900A2BA73 /* StatusBarController.swift in Sources */,
				A70B6234237AF87000A2BA73 /* AppDelegate.swift in Sources */,
				A70B6250237B022700A2BA73 /* MainViewController.swift in Sources */,
			);
			runOnlyForDeploymentPostprocessing = 0;
		};
/* End PBXSourcesBuildPhase section */

/* Begin PBXVariantGroup section */
		A70B623C237AF87700A2BA73 /* Main.storyboard */ = {
			isa = PBXVariantGroup;
			children = (
				A70B623D237AF87700A2BA73 /* Base */,
			);
			name = Main.storyboard;
			sourceTree = "<group>";
		};
/* End PBXVariantGroup section */

/* Begin XCBuildConfiguration section */
		A70B6241237AF87700A2BA73 /* Debug */ = {
			isa = XCBuildConfiguration;
			buildSettings = {
				ALWAYS_SEARCH_USER_PATHS = NO;
				CLANG_ANALYZER_NONNULL = YES;
				CLANG_ANALYZER_NUMBER_OBJECT_CONVERSION = YES_AGGRESSIVE;
				CLANG_CXX_LANGUAGE_STANDARD = "gnu++14";
				CLANG_CXX_LIBRARY = "libc++";
				CLANG_ENABLE_MODULES = YES;
				CLANG_ENABLE_OBJC_ARC = YES;
				CLANG_ENABLE_OBJC_WEAK = YES;
				CLANG_WARN_BLOCK_CAPTURE_AUTORELEASING = YES;
				CLANG_WARN_BOOL_CONVERSION = YES;
				CLANG_WARN_COMMA = YES;
				CLANG_WARN_CONSTANT_CONVERSION = YES;
				CLANG_WARN_DEPRECATED_OBJC_IMPLEMENTATIONS = YES;
				CLANG_WARN_DIRECT_OBJC_ISA_USAGE = YES_ERROR;
				CLANG_WARN_DOCUMENTATION_COMMENTS = YES;
				CLANG_WARN_EMPTY_BODY = YES;
				CLANG_WARN_ENUM_CONVERSION = YES;
				CLANG_WARN_INFINITE_RECURSION = YES;
				CLANG_WARN_INT_CONVERSION = YES;
				CLANG_WARN_NON_LITERAL_NULL_CONVERSION = YES;
				CLANG_WARN_OBJC_IMPLICIT_RETAIN_SELF = YES;
				CLANG_WARN_OBJC_LITERAL_CONVERSION = YES;
				CLANG_WARN_OBJC_ROOT_CLASS = YES_ERROR;
				CLANG_WARN_QUOTED_INCLUDE_IN_FRAMEWORK_HEADER = YES;
				CLANG_WARN_RANGE_LOOP_ANALYSIS = YES;
				CLANG_WARN_STRICT_PROTOTYPES = YES;
				CLANG_WARN_SUSPICIOUS_MOVE = YES;
				CLANG_WARN_UNGUARDED_AVAILABILITY = YES_AGGRESSIVE;
				CLANG_WARN_UNREACHABLE_CODE = YES;
				CLANG_WARN__DUPLICATE_METHOD_MATCH = YES;
				COPY_PHASE_STRIP = NO;
				DEBUG_INFORMATION_FORMAT = dwarf;
				ENABLE_STRICT_OBJC_MSGSEND = YES;
				ENABLE_TESTABILITY = YES;
				GCC_C_LANGUAGE_STANDARD = gnu11;
				GCC_DYNAMIC_NO_PIC = NO;
				GCC_NO_COMMON_BLOCKS = YES;
				GCC_OPTIMIZATION_LEVEL = 0;
				GCC_PREPROCESSOR_DEFINITIONS = (
					"DEBUG=1",
					"$(inherited)",
				);
				GCC_WARN_64_TO_32_BIT_CONVERSION = YES;
				GCC_WARN_ABOUT_RETURN_TYPE = YES_ERROR;
				GCC_WARN_UNDECLARED_SELECTOR = YES;
				GCC_WARN_UNINITIALIZED_AUTOS = YES_AGGRESSIVE;
				GCC_WARN_UNUSED_FUNCTION = YES;
				GCC_WARN_UNUSED_VARIABLE = YES;
				MACOSX_DEPLOYMENT_TARGET = 10.15;
				MTL_ENABLE_DEBUG_INFO = INCLUDE_SOURCE;
				MTL_FAST_MATH = YES;
				ONLY_ACTIVE_ARCH = YES;
				SDKROOT = macosx;
				SWIFT_ACTIVE_COMPILATION_CONDITIONS = DEBUG;
				SWIFT_OPTIMIZATION_LEVEL = "-Onone";
			};
			name = Debug;
		};
		A70B6242237AF87700A2BA73 /* Release */ = {
			isa = XCBuildConfiguration;
			buildSettings = {
				ALWAYS_SEARCH_USER_PATHS = NO;
				CLANG_ANALYZER_NONNULL = YES;
				CLANG_ANALYZER_NUMBER_OBJECT_CONVERSION = YES_AGGRESSIVE;
				CLANG_CXX_LANGUAGE_STANDARD = "gnu++14";
				CLANG_CXX_LIBRARY = "libc++";
				CLANG_ENABLE_MODULES = YES;
				CLANG_ENABLE_OBJC_ARC = YES;
				CLANG_ENABLE_OBJC_WEAK = YES;
				CLANG_WARN_BLOCK_CAPTURE_AUTORELEASING = YES;
				CLANG_WARN_BOOL_CONVERSION = YES;
				CLANG_WARN_COMMA = YES;
				CLANG_WARN_CONSTANT_CONVERSION = YES;
				CLANG_WARN_DEPRECATED_OBJC_IMPLEMENTATIONS = YES;
				CLANG_WARN_DIRECT_OBJC_ISA_USAGE = YES_ERROR;
				CLANG_WARN_DOCUMENTATION_COMMENTS = YES;
				CLANG_WARN_EMPTY_BODY = YES;
				CLANG_WARN_ENUM_CONVERSION = YES;
				CLANG_WARN_INFINITE_RECURSION = YES;
				CLANG_WARN_INT_CONVERSION = YES;
				CLANG_WARN_NON_LITERAL_NULL_CONVERSION = YES;
				CLANG_WARN_OBJC_IMPLICIT_RETAIN_SELF = YES;
				CLANG_WARN_OBJC_LITERAL_CONVERSION = YES;
				CLANG_WARN_OBJC_ROOT_CLASS = YES_ERROR;
				CLANG_WARN_QUOTED_INCLUDE_IN_FRAMEWORK_HEADER = YES;
				CLANG_WARN_RANGE_LOOP_ANALYSIS = YES;
				CLANG_WARN_STRICT_PROTOTYPES = YES;
				CLANG_WARN_SUSPICIOUS_MOVE = YES;
				CLANG_WARN_UNGUARDED_AVAILABILITY = YES_AGGRESSIVE;
				CLANG_WARN_UNREACHABLE_CODE = YES;
				CLANG_WARN__DUPLICATE_METHOD_MATCH = YES;
				COPY_PHASE_STRIP = NO;
				DEBUG_INFORMATION_FORMAT = "dwarf-with-dsym";
				ENABLE_NS_ASSERTIONS = NO;
				ENABLE_STRICT_OBJC_MSGSEND = YES;
				GCC_C_LANGUAGE_STANDARD = gnu11;
				GCC_NO_COMMON_BLOCKS = YES;
				GCC_WARN_64_TO_32_BIT_CONVERSION = YES;
				GCC_WARN_ABOUT_RETURN_TYPE = YES_ERROR;
				GCC_WARN_UNDECLARED_SELECTOR = YES;
				GCC_WARN_UNINITIALIZED_AUTOS = YES_AGGRESSIVE;
				GCC_WARN_UNUSED_FUNCTION = YES;
				GCC_WARN_UNUSED_VARIABLE = YES;
				MACOSX_DEPLOYMENT_TARGET = 10.15;
				MTL_ENABLE_DEBUG_INFO = NO;
				MTL_FAST_MATH = YES;
				SDKROOT = macosx;
				SWIFT_COMPILATION_MODE = wholemodule;
				SWIFT_OPTIMIZATION_LEVEL = "-O";
			};
			name = Release;
		};
		A70B6244237AF87700A2BA73 /* Debug */ = {
			isa = XCBuildConfiguration;
			buildSettings = {
				ASSETCATALOG_COMPILER_APPICON_NAME = AppIcon;
				CLANG_ENABLE_MODULES = YES;
				CODE_SIGN_ENTITLEMENTS = Levels/Levels.entitlements;
				CODE_SIGN_IDENTITY = "-";
				CODE_SIGN_STYLE = Automatic;
				COMBINE_HIDPI_IMAGES = YES;
				DEVELOPMENT_ASSET_PATHS = "\"Levels/Preview Content\"";
				DEVELOPMENT_TEAM = 562D22S6BD;
				ENABLE_HARDENED_RUNTIME = YES;
				ENABLE_PREVIEWS = YES;
				INFOPLIST_FILE = Levels/Info.plist;
				LD_RUNPATH_SEARCH_PATHS = (
					"$(inherited)",
					"@executable_path/../Frameworks",
				);
				LIBRARY_SEARCH_PATHS = "$(SRCROOT)/../rust/target/universal/debug";
				MACOSX_DEPLOYMENT_TARGET = 10.15;
				PRODUCT_BUNDLE_IDENTIFIER = com.anaghsharma.levels;
				PRODUCT_NAME = "$(TARGET_NAME)";
				SWIFT_INCLUDE_PATHS = "";
				SWIFT_OBJC_BRIDGING_HEADER = "Levels-Bridging-Header.h";
				SWIFT_OPTIMIZATION_LEVEL = "-Onone";
				SWIFT_PRECOMPILE_BRIDGING_HEADER = YES;
				SWIFT_VERSION = 5.0;
			};
			name = Debug;
		};
		A70B6245237AF87700A2BA73 /* Release */ = {
			isa = XCBuildConfiguration;
			buildSettings = {
				ASSETCATALOG_COMPILER_APPICON_NAME = AppIcon;
				CLANG_ENABLE_MODULES = YES;
				CODE_SIGN_ENTITLEMENTS = Levels/Levels.entitlements;
				CODE_SIGN_IDENTITY = "-";
				CODE_SIGN_STYLE = Automatic;
				COMBINE_HIDPI_IMAGES = YES;
				DEVELOPMENT_ASSET_PATHS = "\"Levels/Preview Content\"";
				DEVELOPMENT_TEAM = 562D22S6BD;
				ENABLE_HARDENED_RUNTIME = YES;
				ENABLE_PREVIEWS = YES;
				INFOPLIST_FILE = Levels/Info.plist;
				LD_RUNPATH_SEARCH_PATHS = (
					"$(inherited)",
					"@executable_path/../Frameworks",
				);
				LIBRARY_SEARCH_PATHS = "$(SRCROOT)/../rust/target/universal/release";
				MACOSX_DEPLOYMENT_TARGET = 10.15;
				PRODUCT_BUNDLE_IDENTIFIER = com.anaghsharma.levels;
				PRODUCT_NAME = "$(TARGET_NAME)";
				SWIFT_INCLUDE_PATHS = "";
				SWIFT_OBJC_BRIDGING_HEADER = "Levels-Bridging-Header.h";
				SWIFT_PRECOMPILE_BRIDGING_HEADER = YES;
				SWIFT_VERSION = 5.0;
			};
			name = Release;
		};
/* End XCBuildConfiguration section */

/* Begin XCConfigurationList section */
		A70B622B237AF87000A2BA73 /* Build configuration list for PBXProject "Levels" */ = {
			isa = XCConfigurationList;
			buildConfigurations = (
				A70B6241237AF87700A2BA73 /* Debug */,
				A70B6242237AF87700A2BA73 /* Release */,
			);
			defaultConfigurationIsVisible = 0;
			defaultConfigurationName = Release;
		};
		A70B6243237AF87700A2BA73 /* Build configuration list for PBXNativeTarget "Levels" */ = {
			isa = XCConfigurationList;
			buildConfigurations = (
				A70B6244237AF87700A2BA73 /* Debug */,
				A70B6245237AF87700A2BA73 /* Release */,
			);
			defaultConfigurationIsVisible = 0;
			defaultConfigurationName = Release;
		};
/* End XCConfigurationList section */
	};
	rootObject = A70B6228237AF87000A2BA73 /* Project object */;
}
